
Microsoft Visual Studio Solution File, Format Version 12.00
# Visual Studio Version 17
VisualStudioVersion = 17.1.32328.378
MinimumVisualStudioVersion = 10.0.40219.1
Project("{E24C65DC-7377-472B-9ABA-BC803B73C61A}") = "finaladmin", "finaladmin\", "{9D45EC98-A816-416E-9FD6-A5B6D81F1AA0}"
	ProjectSection(WebsiteProperties) = preProject
		TargetFrameworkMoniker = ".NETFramework,Version%3Dv4.5"
		Debug.AspNetCompiler.VirtualPath = "/localhost_52942"
		Debug.AspNetCompiler.PhysicalPath = "finaladmin\"
		Debug.AspNetCompiler.TargetPath = "PrecompiledWeb\localhost_52942\"
		Debug.AspNetCompiler.Updateable = "true"
		Debug.AspNetCompiler.ForceOverwrite = "true"
		Debug.AspNetCompiler.FixedNames = "false"
		Debug.AspNetCompiler.Debug = "True"
		Release.AspNetCompiler.VirtualPath = "/localhost_52942"
		Release.AspNetCompiler.PhysicalPath = "finaladmin\"
		Release.AspNetCompiler.TargetPath = "PrecompiledWeb\localhost_52942\"
		Release.AspNetCompiler.Updateable = "true"
		Release.AspNetCompiler.ForceOverwrite = "true"
		Release.AspNetCompiler.FixedNames = "false"
		Release.AspNetCompiler.Debug = "False"
		VWDPort = "52942"
		SlnRelativePath = "finaladmin\"
		DefaultWebSiteLanguage = "Visual C#"
	EndProjectSection
EndProject
Global
	GlobalSection(SolutionConfigurationPlatforms) = preSolution
		Debug|Any CPU = Debug|Any CPU
	EndGlobalSection
	GlobalSection(ProjectConfigurationPlatforms) = postSolution
		{9D45EC98-A816-416E-9FD6-A5B6D81F1AA0}.Debug|Any CPU.ActiveCfg = Debug|Any CPU
		{9D45EC98-A816-416E-9FD6-A5B6D81F1AA0}.Debug|Any CPU.Build.0 = Debug|Any CPU
	EndGlobalSection
	GlobalSection(SolutionProperties) = preSolution
		HideSolutionNode = FALSE
	EndGlobalSection
	GlobalSection(ExtensibilityGlobals) = postSolution
		SolutionGuid = {B67E0188-C878-4658-90DF-300A80267374}
	EndGlobalSection
EndGlobal
